
Microsoft Visual Studio Solution File, Format Version 12.00
# Visual Studio 15
VisualStudioVersion = 15.0.28307.852
MinimumVisualStudioVersion = 10.0.40219.1
Project("{FAE04EC0-301F-11D3-BF4B-00C04F79EFBC}") = "LSGameServ", "LSGameServ\LSGameServ.csproj", "{C598F461-C253-4CA7-86ED-C9F7508ECFE9}"
EndProject
Global
	GlobalSection(SolutionConfigurationPlatforms) = preSolution
		Debug|Any CPU = Debug|Any CPU
		Release|Any CPU = Release|Any CPU
	EndGlobalSection
	GlobalSection(ProjectConfigurationPlatforms) = postSolution
		{C598F461-C253-4CA7-86ED-C9F7508ECFE9}.Debug|Any CPU.ActiveCfg = Debug|Any CPU
		{C598F461-C253-4CA7-86ED-C9F7508ECFE9}.Debug|Any CPU.Build.0 = Debug|Any CPU
		{C598F461-C253-4CA7-86ED-C9F7508ECFE9}.Release|Any CPU.ActiveCfg = Release|Any CPU
		{C598F461-C253-4CA7-86ED-C9F7508ECFE9}.Release|Any CPU.Build.0 = Release|Any CPU
	EndGlobalSection
	GlobalSection(SolutionProperties) = preSolution
		HideSolutionNode = FALSE
	EndGlobalSection
	GlobalSection(ExtensibilityGlobals) = postSolution
		SolutionGuid = {A5E9A83C-32FC-44AF-8FCE-55C8B49C0539}
	EndGlobalSection
EndGlobal
